
Microsoft Visual Studio Solution File, Format Version 12.00
# Visual Studio Version 16
VisualStudioVersion = 16.0.29424.173
MinimumVisualStudioVersion = 10.0.40219.1
Project("{FAE04EC0-301F-11D3-BF4B-00C04F79EFBC}") = "AplikacjeInternetoweProject", "AplikacjeInternetoweProject\AplikacjeInternetoweProject.csproj", "{3490421F-FE28-4C90-A5BF-BDD89587933B}"
EndProject
Project("{2150E333-8FDC-42A3-9474-1A3956D46DE8}") = "Core", "Core", "{EE3D60F3-80B7-446C-B060-ABE5C50952CE}"
EndProject
Project("{FAE04EC0-301F-11D3-BF4B-00C04F79EFBC}") = "Model", "Model\Model.csproj", "{F151ECE1-ABD3-4919-B88E-AC6485807955}"
EndProject
Project("{FAE04EC0-301F-11D3-BF4B-00C04F79EFBC}") = "Repository", "Repository\Repository.csproj", "{B544D0F4-39BA-4D7B-9DE2-A0D00082D442}"
EndProject
Global
	GlobalSection(SolutionConfigurationPlatforms) = preSolution
		Debug|Any CPU = Debug|Any CPU
		Release|Any CPU = Release|Any CPU
	EndGlobalSection
	GlobalSection(ProjectConfigurationPlatforms) = postSolution
		{3490421F-FE28-4C90-A5BF-BDD89587933B}.Debug|Any CPU.ActiveCfg = Debug|Any CPU
		{3490421F-FE28-4C90-A5BF-BDD89587933B}.Debug|Any CPU.Build.0 = Debug|Any CPU
		{3490421F-FE28-4C90-A5BF-BDD89587933B}.Release|Any CPU.ActiveCfg = Release|Any CPU
		{3490421F-FE28-4C90-A5BF-BDD89587933B}.Release|Any CPU.Build.0 = Release|Any CPU
		{F151ECE1-ABD3-4919-B88E-AC6485807955}.Debug|Any CPU.ActiveCfg = Debug|Any CPU
		{F151ECE1-ABD3-4919-B88E-AC6485807955}.Debug|Any CPU.Build.0 = Debug|Any CPU
		{F151ECE1-ABD3-4919-B88E-AC6485807955}.Release|Any CPU.ActiveCfg = Release|Any CPU
		{F151ECE1-ABD3-4919-B88E-AC6485807955}.Release|Any CPU.Build.0 = Release|Any CPU
		{B544D0F4-39BA-4D7B-9DE2-A0D00082D442}.Debug|Any CPU.ActiveCfg = Debug|Any CPU
		{B544D0F4-39BA-4D7B-9DE2-A0D00082D442}.Debug|Any CPU.Build.0 = Debug|Any CPU
		{B544D0F4-39BA-4D7B-9DE2-A0D00082D442}.Release|Any CPU.ActiveCfg = Release|Any CPU
		{B544D0F4-39BA-4D7B-9DE2-A0D00082D442}.Release|Any CPU.Build.0 = Release|Any CPU
	EndGlobalSection
	GlobalSection(SolutionProperties) = preSolution
		HideSolutionNode = FALSE
	EndGlobalSection
	GlobalSection(NestedProjects) = preSolution
		{F151ECE1-ABD3-4919-B88E-AC6485807955} = {EE3D60F3-80B7-446C-B060-ABE5C50952CE}
		{B544D0F4-39BA-4D7B-9DE2-A0D00082D442} = {EE3D60F3-80B7-446C-B060-ABE5C50952CE}
	EndGlobalSection
	GlobalSection(ExtensibilityGlobals) = postSolution
		SolutionGuid = {52968A8A-6468-4DBE-909C-0920B016B9A2}
	EndGlobalSection
EndGlobal
